
Microsoft Visual Studio Solution File, Format Version 12.00
# Visual Studio Version 17
VisualStudioVersion = 17.4.33122.133
MinimumVisualStudioVersion = 10.0.40219.1
Project("{9A19103F-16F7-4668-BE54-9A1E7A4F7556}") = "aoc2022", "aoc2022.csproj", "{36E4F0C4-A3AE-4050-85AC-7F0066002E94}"
EndProject
Global
	GlobalSection(SolutionConfigurationPlatforms) = preSolution
		Debug|Any CPU = Debug|Any CPU
		Release|Any CPU = Release|Any CPU
	EndGlobalSection
	GlobalSection(ProjectConfigurationPlatforms) = postSolution
		{36E4F0C4-A3AE-4050-85AC-7F0066002E94}.Debug|Any CPU.ActiveCfg = Debug|Any CPU
		{36E4F0C4-A3AE-4050-85AC-7F0066002E94}.Debug|Any CPU.Build.0 = Debug|Any CPU
		{36E4F0C4-A3AE-4050-85AC-7F0066002E94}.Release|Any CPU.ActiveCfg = Release|Any CPU
		{36E4F0C4-A3AE-4050-85AC-7F0066002E94}.Release|Any CPU.Build.0 = Release|Any CPU
	EndGlobalSection
	GlobalSection(SolutionProperties) = preSolution
		HideSolutionNode = FALSE
	EndGlobalSection
	GlobalSection(ExtensibilityGlobals) = postSolution
		SolutionGuid = {901422E6-8E26-4629-BF88-C3AD398C62F7}
	EndGlobalSection
EndGlobal
